// !$*UTF8*$!
{
	archiveVersion = 1;
	classes = {
	};
	objectVersion = 54;
	objects = {

/* Begin PBXBuildFile section */
		6A20656D2AD5468900552C0A /* MeshViewController+Mail.swift in Sources */ = {isa = PBXBuildFile; fileRef = 6A20656C2AD5468900552C0A /* MeshViewController+Mail.swift */; };
		6A2065992AD5544100552C0A /* ViewController+Types.swift in Sources */ = {isa = PBXBuildFile; fileRef = 6A2065982AD5544100552C0A /* ViewController+Types.swift */; };
		6A2CFED32AEEF969001510B7 /* ViewController+Metal.swift in Sources */ = {isa = PBXBuildFile; fileRef = 6A2CFED22AEEF969001510B7 /* ViewController+Metal.swift */; };
		6A2CFEFF2AF0BFA5001510B7 /* MetalRenderer.swift in Sources */ = {isa = PBXBuildFile; fileRef = 6A2CFEFE2AF0BFA5001510B7 /* MetalRenderer.swift */; };
		6A5B9D482ACC45990035DF58 /* Userdefault+isFirstLaunch.swift in Sources */ = {isa = PBXBuildFile; fileRef = 6A5B9D472ACC45990035DF58 /* Userdefault+isFirstLaunch.swift */; };
		6A79511D2AD3D5F200EA6431 /* StructureKit in Frameworks */ = {isa = PBXBuildFile; productRef = 6A79511C2AD3D5F200EA6431 /* StructureKit */; };
		6A79511F2AD3D5FC00EA6431 /* StructureKitGlue.swift in Sources */ = {isa = PBXBuildFile; fileRef = 6A79511E2AD3D5FC00EA6431 /* StructureKitGlue.swift */; };
		6A8974F32AD3E99100876595 /* ViewController+showAlert.swift in Sources */ = {isa = PBXBuildFile; fileRef = 6A8974F22AD3E99100876595 /* ViewController+showAlert.swift */; };
		6A8974F52AD3EBFA00876595 /* STMesh+BBox.swift in Sources */ = {isa = PBXBuildFile; fileRef = 6A8974F42AD3EBFA00876595 /* STMesh+BBox.swift */; };
		6A8974F92AD3EEF500876595 /* MTLTexture+toImage.swift in Sources */ = {isa = PBXBuildFile; fileRef = 6A8974F82AD3EEF500876595 /* MTLTexture+toImage.swift */; };
		CE12E04D2A36D8A7009831E9 /* Structure.xcframework in Frameworks */ = {isa = PBXBuildFile; fileRef = CE12E04B2A36D89C009831E9 /* Structure.xcframework */; };
		CE12E04E2A36D8A7009831E9 /* Structure.xcframework in Embed Frameworks */ = {isa = PBXBuildFile; fileRef = CE12E04B2A36D89C009831E9 /* Structure.xcframework */; settings = {ATTRIBUTES = (CodeSignOnCopy, RemoveHeadersOnCopy, ); }; };
		CE56ED252373D48E00C1C5E0 /* ViewController+CaptureSession.swift in Sources */ = {isa = PBXBuildFile; fileRef = CE56ED222373D48E00C1C5E0 /* ViewController+CaptureSession.swift */; };
		CE56ED272373D50100C1C5E0 /* ViewController.swift in Sources */ = {isa = PBXBuildFile; fileRef = CE56ED262373D50100C1C5E0 /* ViewController.swift */; };
		CE56ED31237465CE00C1C5E0 /* CalibrationOverlay.swift in Sources */ = {isa = PBXBuildFile; fileRef = CE56ED30237465CE00C1C5E0 /* CalibrationOverlay.swift */; };
		CE6CBF9B2A5E90DD000328C9 /* Settings.bundle in Resources */ = {isa = PBXBuildFile; fileRef = CE6CBF9A2A5E90DC000328C9 /* Settings.bundle */; };
		CED0CDD72372391F00CD4EBC /* AppDelegate.swift in Sources */ = {isa = PBXBuildFile; fileRef = CED0CDD62372391F00CD4EBC /* AppDelegate.swift */; };
		CED0CDDE2372391F00CD4EBC /* Main.storyboard in Resources */ = {isa = PBXBuildFile; fileRef = CED0CDDC2372391F00CD4EBC /* Main.storyboard */; };
		CED0CDE02372392000CD4EBC /* Assets.xcassets in Resources */ = {isa = PBXBuildFile; fileRef = CED0CDDF2372392000CD4EBC /* Assets.xcassets */; };
		CED0CDE32372392000CD4EBC /* LaunchScreen.storyboard in Resources */ = {isa = PBXBuildFile; fileRef = CED0CDE12372392000CD4EBC /* LaunchScreen.storyboard */; };
		CED0CDFE2372466F00CD4EBC /* MeshViewController.swift in Sources */ = {isa = PBXBuildFile; fileRef = CED0CDF52372466E00CD4EBC /* MeshViewController.swift */; };
		CED0CDFF2372466F00CD4EBC /* ViewController+SLAM.swift in Sources */ = {isa = PBXBuildFile; fileRef = CED0CDF62372466E00CD4EBC /* ViewController+SLAM.swift */; };
		CED0CE002372466F00CD4EBC /* MetalMeshRenderer.swift in Sources */ = {isa = PBXBuildFile; fileRef = CED0CDF72372466E00CD4EBC /* MetalMeshRenderer.swift */; };
		CED0CE022372466F00CD4EBC /* ViewpointController.swift in Sources */ = {isa = PBXBuildFile; fileRef = CED0CDF92372466E00CD4EBC /* ViewpointController.swift */; };
		CED6A7AA2A65BD49006FD7B7 /* SettingsPopupView.swift in Sources */ = {isa = PBXBuildFile; fileRef = CED6A7A92A65BD49006FD7B7 /* SettingsPopupView.swift */; };
/* End PBXBuildFile section */

/* Begin PBXCopyFilesBuildPhase section */
		CE56ED2F2373D69100C1C5E0 /* Embed Frameworks */ = {
			isa = PBXCopyFilesBuildPhase;
			buildActionMask = 2147483647;
			dstPath = "";
			dstSubfolderSpec = 10;
			files = (
				CE12E04E2A36D8A7009831E9 /* Structure.xcframework in Embed Frameworks */,
			);
			name = "Embed Frameworks";
			runOnlyForDeploymentPostprocessing = 0;
		};
/* End PBXCopyFilesBuildPhase section */

/* Begin PBXFileReference section */
		6A20656C2AD5468900552C0A /* MeshViewController+Mail.swift */ = {isa = PBXFileReference; lastKnownFileType = sourcecode.swift; path = "MeshViewController+Mail.swift"; sourceTree = "<group>"; };
		6A2065982AD5544100552C0A /* ViewController+Types.swift */ = {isa = PBXFileReference; lastKnownFileType = sourcecode.swift; path = "ViewController+Types.swift"; sourceTree = "<group>"; };
		6A2CFED22AEEF969001510B7 /* ViewController+Metal.swift */ = {isa = PBXFileReference; lastKnownFileType = sourcecode.swift; path = "ViewController+Metal.swift"; sourceTree = "<group>"; };
		6A2CFEFE2AF0BFA5001510B7 /* MetalRenderer.swift */ = {isa = PBXFileReference; lastKnownFileType = sourcecode.swift; path = MetalRenderer.swift; sourceTree = "<group>"; };
		6A5B9D472ACC45990035DF58 /* Userdefault+isFirstLaunch.swift */ = {isa = PBXFileReference; lastKnownFileType = sourcecode.swift; path = "Userdefault+isFirstLaunch.swift"; sourceTree = "<group>"; };
		6A79511E2AD3D5FC00EA6431 /* StructureKitGlue.swift */ = {isa = PBXFileReference; lastKnownFileType = sourcecode.swift; path = StructureKitGlue.swift; sourceTree = "<group>"; };
		6A8974F22AD3E99100876595 /* ViewController+showAlert.swift */ = {isa = PBXFileReference; lastKnownFileType = sourcecode.swift; path = "ViewController+showAlert.swift"; sourceTree = "<group>"; };
		6A8974F42AD3EBFA00876595 /* STMesh+BBox.swift */ = {isa = PBXFileReference; lastKnownFileType = sourcecode.swift; path = "STMesh+BBox.swift"; sourceTree = "<group>"; };
		6A8974F82AD3EEF500876595 /* MTLTexture+toImage.swift */ = {isa = PBXFileReference; lastKnownFileType = sourcecode.swift; path = "MTLTexture+toImage.swift"; sourceTree = "<group>"; };
		CE12E04B2A36D89C009831E9 /* Structure.xcframework */ = {isa = PBXFileReference; lastKnownFileType = wrapper.xcframework; name = Structure.xcframework; path = Frameworks/Structure.xcframework; sourceTree = "<group>"; };
		CE56ED222373D48E00C1C5E0 /* ViewController+CaptureSession.swift */ = {isa = PBXFileReference; fileEncoding = 4; lastKnownFileType = sourcecode.swift; path = "ViewController+CaptureSession.swift"; sourceTree = "<group>"; };
		CE56ED262373D50100C1C5E0 /* ViewController.swift */ = {isa = PBXFileReference; fileEncoding = 4; lastKnownFileType = sourcecode.swift; path = ViewController.swift; sourceTree = "<group>"; };
		CE56ED30237465CE00C1C5E0 /* CalibrationOverlay.swift */ = {isa = PBXFileReference; fileEncoding = 4; lastKnownFileType = sourcecode.swift; path = CalibrationOverlay.swift; sourceTree = "<group>"; };
		CE6CBF9A2A5E90DC000328C9 /* Settings.bundle */ = {isa = PBXFileReference; lastKnownFileType = "wrapper.plug-in"; path = Settings.bundle; sourceTree = "<group>"; };
		CED0CDD42372391F00CD4EBC /* SwiftScanner.app */ = {isa = PBXFileReference; explicitFileType = wrapper.application; includeInIndex = 0; path = SwiftScanner.app; sourceTree = BUILT_PRODUCTS_DIR; };
		CED0CDD62372391F00CD4EBC /* AppDelegate.swift */ = {isa = PBXFileReference; lastKnownFileType = sourcecode.swift; path = AppDelegate.swift; sourceTree = "<group>"; };
		CED0CDDD2372391F00CD4EBC /* Base */ = {isa = PBXFileReference; lastKnownFileType = file.storyboard; name = Base; path = Base.lproj/Main.storyboard; sourceTree = "<group>"; };
		CED0CDDF2372392000CD4EBC /* Assets.xcassets */ = {isa = PBXFileReference; lastKnownFileType = folder.assetcatalog; path = Assets.xcassets; sourceTree = "<group>"; };
		CED0CDE22372392000CD4EBC /* Base */ = {isa = PBXFileReference; lastKnownFileType = file.storyboard; name = Base; path = Base.lproj/LaunchScreen.storyboard; sourceTree = "<group>"; };
		CED0CDE42372392000CD4EBC /* Info.plist */ = {isa = PBXFileReference; lastKnownFileType = text.plist.xml; path = Info.plist; sourceTree = "<group>"; };
		CED0CDF52372466E00CD4EBC /* MeshViewController.swift */ = {isa = PBXFileReference; fileEncoding = 4; lastKnownFileType = sourcecode.swift; path = MeshViewController.swift; sourceTree = "<group>"; };
		CED0CDF62372466E00CD4EBC /* ViewController+SLAM.swift */ = {isa = PBXFileReference; fileEncoding = 4; lastKnownFileType = sourcecode.swift; path = "ViewController+SLAM.swift"; sourceTree = "<group>"; };
		CED0CDF72372466E00CD4EBC /* MetalMeshRenderer.swift */ = {isa = PBXFileReference; fileEncoding = 4; lastKnownFileType = sourcecode.swift; path = MetalMeshRenderer.swift; sourceTree = "<group>"; };
		CED0CDF92372466E00CD4EBC /* ViewpointController.swift */ = {isa = PBXFileReference; fileEncoding = 4; lastKnownFileType = sourcecode.swift; path = ViewpointController.swift; sourceTree = "<group>"; };
		CED6A7A92A65BD49006FD7B7 /* SettingsPopupView.swift */ = {isa = PBXFileReference; fileEncoding = 4; lastKnownFileType = sourcecode.swift; path = SettingsPopupView.swift; sourceTree = "<group>"; };
/* End PBXFileReference section */

/* Begin PBXFrameworksBuildPhase section */
		CED0CDD12372391F00CD4EBC /* Frameworks */ = {
			isa = PBXFrameworksBuildPhase;
			buildActionMask = 2147483647;
			files = (
				CE12E04D2A36D8A7009831E9 /* Structure.xcframework in Frameworks */,
				6A79511D2AD3D5F200EA6431 /* StructureKit in Frameworks */,
			);
			runOnlyForDeploymentPostprocessing = 0;
		};
/* End PBXFrameworksBuildPhase section */

/* Begin PBXGroup section */
		2AFC8D6B176F966000F7F3B5 = {
			isa = PBXGroup;
			children = (
				CED0CDD52372391F00CD4EBC /* Scanner */,
				2AFC8D76176F966000F7F3B5 /* Frameworks */,
				2AFC8D75176F966000F7F3B5 /* Products */,
			);
			sourceTree = "<group>";
		};
		2AFC8D75176F966000F7F3B5 /* Products */ = {
			isa = PBXGroup;
			children = (
				CED0CDD42372391F00CD4EBC /* SwiftScanner.app */,
			);
			name = Products;
			sourceTree = "<group>";
		};
		2AFC8D76176F966000F7F3B5 /* Frameworks */ = {
			isa = PBXGroup;
			children = (
				CE12E04B2A36D89C009831E9 /* Structure.xcframework */,
			);
			name = Frameworks;
			sourceTree = "<group>";
		};
		6A5B9D462ACC45840035DF58 /* Extensions */ = {
			isa = PBXGroup;
			children = (
				6A2065982AD5544100552C0A /* ViewController+Types.swift */,
				6A5B9D472ACC45990035DF58 /* Userdefault+isFirstLaunch.swift */,
				6A79511E2AD3D5FC00EA6431 /* StructureKitGlue.swift */,
				6A8974F22AD3E99100876595 /* ViewController+showAlert.swift */,
				6A8974F42AD3EBFA00876595 /* STMesh+BBox.swift */,
				6A8974F82AD3EEF500876595 /* MTLTexture+toImage.swift */,
			);
			path = Extensions;
			sourceTree = "<group>";
		};
		6A8974FA2AD48A2700876595 /* MeshViewer */ = {
			isa = PBXGroup;
			children = (
				CED0CDF92372466E00CD4EBC /* ViewpointController.swift */,
				CED0CDF72372466E00CD4EBC /* MetalMeshRenderer.swift */,
				CED0CDF52372466E00CD4EBC /* MeshViewController.swift */,
				6A20656C2AD5468900552C0A /* MeshViewController+Mail.swift */,
			);
			path = MeshViewer;
			sourceTree = "<group>";
		};
		CE56ED4423748ACD00C1C5E0 /* Supporting Files */ = {
			isa = PBXGroup;
			children = (
				CED0CDDC2372391F00CD4EBC /* Main.storyboard */,
				CE6CBF9A2A5E90DC000328C9 /* Settings.bundle */,
				CED0CDDF2372392000CD4EBC /* Assets.xcassets */,
				CED0CDD62372391F00CD4EBC /* AppDelegate.swift */,
				CED0CDE12372392000CD4EBC /* LaunchScreen.storyboard */,
				CED0CDE42372392000CD4EBC /* Info.plist */,
			);
			path = "Supporting Files";
			sourceTree = "<group>";
		};
		CED0CDD52372391F00CD4EBC /* Scanner */ = {
			isa = PBXGroup;
			children = (
				6A8974FA2AD48A2700876595 /* MeshViewer */,
				6A5B9D462ACC45840035DF58 /* Extensions */,
				CE56ED30237465CE00C1C5E0 /* CalibrationOverlay.swift */,
				6A2CFEFE2AF0BFA5001510B7 /* MetalRenderer.swift */,
				CED0CDF62372466E00CD4EBC /* ViewController+SLAM.swift */,
				CE56ED222373D48E00C1C5E0 /* ViewController+CaptureSession.swift */,
				6A2CFED22AEEF969001510B7 /* ViewController+Metal.swift */,
				CE56ED262373D50100C1C5E0 /* ViewController.swift */,
				CED6A7A92A65BD49006FD7B7 /* SettingsPopupView.swift */,
				CE56ED4423748ACD00C1C5E0 /* Supporting Files */,
			);
			path = Scanner;
			sourceTree = "<group>";
		};
/* End PBXGroup section */

/* Begin PBXNativeTarget section */
		CED0CDD32372391F00CD4EBC /* Scanner */ = {
			isa = PBXNativeTarget;
			buildConfigurationList = CED0CDE52372392000CD4EBC /* Build configuration list for PBXNativeTarget "Scanner" */;
			buildPhases = (
				CED0CDD02372391F00CD4EBC /* Sources */,
				CED0CDD12372391F00CD4EBC /* Frameworks */,
				CED0CDD22372391F00CD4EBC /* Resources */,
				CE56ED2F2373D69100C1C5E0 /* Embed Frameworks */,
				6A7951212AD3D64000EA6431 /* SwiftLint */,
			);
			buildRules = (
			);
			dependencies = (
			);
			name = Scanner;
			packageProductDependencies = (
				6A79511C2AD3D5F200EA6431 /* StructureKit */,
			);
			productName = SwiftScanner;
			productReference = CED0CDD42372391F00CD4EBC /* SwiftScanner.app */;
			productType = "com.apple.product-type.application";
		};
/* End PBXNativeTarget section */

/* Begin PBXProject section */
		2AFC8D6C176F966000F7F3B5 /* Project object */ = {
			isa = PBXProject;
			attributes = {
				LastSwiftUpdateCheck = 1120;
				LastUpgradeCheck = 1430;
				ORGANIZATIONNAME = Occipital;
				TargetAttributes = {
					CED0CDD32372391F00CD4EBC = {
						CreatedOnToolsVersion = 11.2;
						LastSwiftMigration = 1120;
					};
				};
			};
			buildConfigurationList = 2AFC8D6F176F966000F7F3B5 /* Build configuration list for PBXProject "Scanner" */;
			compatibilityVersion = "Xcode 10.0";
			developmentRegion = en;
			hasScannedForEncodings = 0;
			knownRegions = (
				en,
				global,
				Base,
			);
			mainGroup = 2AFC8D6B176F966000F7F3B5;
			packageReferences = (
				6A79511B2AD3D5F200EA6431 /* XCRemoteSwiftPackageReference "StructureKit" */,
			);
			productRefGroup = 2AFC8D75176F966000F7F3B5 /* Products */;
			projectDirPath = "";
			projectRoot = "";
			targets = (
				CED0CDD32372391F00CD4EBC /* Scanner */,
			);
		};
/* End PBXProject section */

/* Begin PBXResourcesBuildPhase section */
		CED0CDD22372391F00CD4EBC /* Resources */ = {
			isa = PBXResourcesBuildPhase;
			buildActionMask = 2147483647;
			files = (
				CE6CBF9B2A5E90DD000328C9 /* Settings.bundle in Resources */,
				CED0CDDE2372391F00CD4EBC /* Main.storyboard in Resources */,
				CED0CDE32372392000CD4EBC /* LaunchScreen.storyboard in Resources */,
				CED0CDE02372392000CD4EBC /* Assets.xcassets in Resources */,
			);
			runOnlyForDeploymentPostprocessing = 0;
		};
/* End PBXResourcesBuildPhase section */

/* Begin PBXShellScriptBuildPhase section */
		6A7951212AD3D64000EA6431 /* SwiftLint */ = {
			isa = PBXShellScriptBuildPhase;
			alwaysOutOfDate = 1;
			buildActionMask = 2147483647;
			files = (
			);
			inputFileListPaths = (
			);
			inputPaths = (
			);
			name = SwiftLint;
			outputFileListPaths = (
			);
			outputPaths = (
			);
			runOnlyForDeploymentPostprocessing = 0;
			shellPath = /bin/sh;
			shellScript = "if [[ \"$(uname -m)\" == arm64 ]]; then\n    export PATH=\"/opt/homebrew/bin:$PATH\"\nfi\n\nif which swiftlint > /dev/null; then\n  swiftlint --fix && swiftlint\nelse\n  echo \"warning: SwiftLint not installed, download from https://github.com/realm/SwiftLint\"\nfi\n";
		};
/* End PBXShellScriptBuildPhase section */

/* Begin PBXSourcesBuildPhase section */
		CED0CDD02372391F00CD4EBC /* Sources */ = {
			isa = PBXSourcesBuildPhase;
			buildActionMask = 2147483647;
			files = (
				6A20656D2AD5468900552C0A /* MeshViewController+Mail.swift in Sources */,
				CED6A7AA2A65BD49006FD7B7 /* SettingsPopupView.swift in Sources */,
				6A79511F2AD3D5FC00EA6431 /* StructureKitGlue.swift in Sources */,
				CED0CDFE2372466F00CD4EBC /* MeshViewController.swift in Sources */,
				CED0CDD72372391F00CD4EBC /* AppDelegate.swift in Sources */,
				CED0CE022372466F00CD4EBC /* ViewpointController.swift in Sources */,
				6A8974F52AD3EBFA00876595 /* STMesh+BBox.swift in Sources */,
				CE56ED272373D50100C1C5E0 /* ViewController.swift in Sources */,
				CE56ED252373D48E00C1C5E0 /* ViewController+CaptureSession.swift in Sources */,
				6A8974F92AD3EEF500876595 /* MTLTexture+toImage.swift in Sources */,
				6A5B9D482ACC45990035DF58 /* Userdefault+isFirstLaunch.swift in Sources */,
				6A8974F32AD3E99100876595 /* ViewController+showAlert.swift in Sources */,
				6A2CFED32AEEF969001510B7 /* ViewController+Metal.swift in Sources */,
				6A2065992AD5544100552C0A /* ViewController+Types.swift in Sources */,
				6A2CFEFF2AF0BFA5001510B7 /* MetalRenderer.swift in Sources */,
				CED0CE002372466F00CD4EBC /* MetalMeshRenderer.swift in Sources */,
				CE56ED31237465CE00C1C5E0 /* CalibrationOverlay.swift in Sources */,
				CED0CDFF2372466F00CD4EBC /* ViewController+SLAM.swift in Sources */,
			);
			runOnlyForDeploymentPostprocessing = 0;
		};
/* End PBXSourcesBuildPhase section */

/* Begin PBXVariantGroup section */
		CED0CDDC2372391F00CD4EBC /* Main.storyboard */ = {
			isa = PBXVariantGroup;
			children = (
				CED0CDDD2372391F00CD4EBC /* Base */,
			);
			name = Main.storyboard;
			sourceTree = "<group>";
		};
		CED0CDE12372392000CD4EBC /* LaunchScreen.storyboard */ = {
			isa = PBXVariantGroup;
			children = (
				CED0CDE22372392000CD4EBC /* Base */,
			);
			name = LaunchScreen.storyboard;
			sourceTree = "<group>";
		};
/* End PBXVariantGroup section */

/* Begin XCBuildConfiguration section */
		2AFC8DA1176F966000F7F3B5 /* Release */ = {
			isa = XCBuildConfiguration;
			buildSettings = {
				ALWAYS_SEARCH_USER_PATHS = NO;
				CLANG_ANALYZER_LOCALIZABILITY_NONLOCALIZED = YES;
				CLANG_ENABLE_OBJC_ARC = YES;
				CLANG_WARN_BLOCK_CAPTURE_AUTORELEASING = YES;
				CLANG_WARN_BOOL_CONVERSION = YES;
				CLANG_WARN_COMMA = YES;
				CLANG_WARN_CONSTANT_CONVERSION = YES;
				CLANG_WARN_DEPRECATED_OBJC_IMPLEMENTATIONS = YES;
				CLANG_WARN_EMPTY_BODY = YES;
				CLANG_WARN_ENUM_CONVERSION = YES;
				CLANG_WARN_INFINITE_RECURSION = YES;
				CLANG_WARN_INT_CONVERSION = YES;
				CLANG_WARN_NON_LITERAL_NULL_CONVERSION = YES;
				CLANG_WARN_OBJC_IMPLICIT_RETAIN_SELF = YES;
				CLANG_WARN_OBJC_LITERAL_CONVERSION = YES;
				CLANG_WARN_QUOTED_INCLUDE_IN_FRAMEWORK_HEADER = YES;
				CLANG_WARN_RANGE_LOOP_ANALYSIS = YES;
				CLANG_WARN_STRICT_PROTOTYPES = YES;
				CLANG_WARN_SUSPICIOUS_MOVE = YES;
				CLANG_WARN_UNREACHABLE_CODE = YES;
				CLANG_WARN__DUPLICATE_METHOD_MATCH = YES;
				CODE_SIGN_IDENTITY = "iPhone Developer";
				ENABLE_BITCODE = NO;
				ENABLE_NS_ASSERTIONS = NO;
				ENABLE_STRICT_OBJC_MSGSEND = YES;
				GCC_NO_COMMON_BLOCKS = YES;
				GCC_WARN_64_TO_32_BIT_CONVERSION = YES;
				GCC_WARN_ABOUT_RETURN_TYPE = YES;
				GCC_WARN_UNDECLARED_SELECTOR = YES;
				GCC_WARN_UNINITIALIZED_AUTOS = YES;
				GCC_WARN_UNUSED_FUNCTION = YES;
				GCC_WARN_UNUSED_VARIABLE = YES;
				HEADER_SEARCH_PATHS = "";
				IPHONEOS_DEPLOYMENT_TARGET = 11.4;
				ONLY_ACTIVE_ARCH = NO;
				SDKROOT = iphoneos;
				SWIFT_VERSION = 5.0;
				TARGETED_DEVICE_FAMILY = "1,2";
				VALIDATE_PRODUCT = YES;
			};
			name = Release;
		};
		7E6F73541A7826BD008BA18E /* Debug */ = {
			isa = XCBuildConfiguration;
			buildSettings = {
				ALWAYS_SEARCH_USER_PATHS = NO;
				CLANG_ANALYZER_LOCALIZABILITY_NONLOCALIZED = YES;
				CLANG_ENABLE_OBJC_ARC = YES;
				CLANG_WARN_BLOCK_CAPTURE_AUTORELEASING = YES;
				CLANG_WARN_BOOL_CONVERSION = YES;
				CLANG_WARN_COMMA = YES;
				CLANG_WARN_CONSTANT_CONVERSION = YES;
				CLANG_WARN_DEPRECATED_OBJC_IMPLEMENTATIONS = YES;
				CLANG_WARN_EMPTY_BODY = YES;
				CLANG_WARN_ENUM_CONVERSION = YES;
				CLANG_WARN_INFINITE_RECURSION = YES;
				CLANG_WARN_INT_CONVERSION = YES;
				CLANG_WARN_NON_LITERAL_NULL_CONVERSION = YES;
				CLANG_WARN_OBJC_IMPLICIT_RETAIN_SELF = YES;
				CLANG_WARN_OBJC_LITERAL_CONVERSION = YES;
				CLANG_WARN_QUOTED_INCLUDE_IN_FRAMEWORK_HEADER = YES;
				CLANG_WARN_RANGE_LOOP_ANALYSIS = YES;
				CLANG_WARN_STRICT_PROTOTYPES = YES;
				CLANG_WARN_SUSPICIOUS_MOVE = YES;
				CLANG_WARN_UNREACHABLE_CODE = YES;
				CLANG_WARN__DUPLICATE_METHOD_MATCH = YES;
				CODE_SIGN_IDENTITY = "iPhone Developer";
				COPY_PHASE_STRIP = NO;
				ENABLE_BITCODE = NO;
				ENABLE_STRICT_OBJC_MSGSEND = YES;
				ENABLE_TESTABILITY = YES;
				GCC_NO_COMMON_BLOCKS = YES;
				GCC_OPTIMIZATION_LEVEL = 0;
				GCC_WARN_64_TO_32_BIT_CONVERSION = YES;
				GCC_WARN_ABOUT_RETURN_TYPE = YES;
				GCC_WARN_UNDECLARED_SELECTOR = YES;
				GCC_WARN_UNINITIALIZED_AUTOS = YES;
				GCC_WARN_UNUSED_FUNCTION = YES;
				GCC_WARN_UNUSED_VARIABLE = YES;
				HEADER_SEARCH_PATHS = "";
				IPHONEOS_DEPLOYMENT_TARGET = 11.4;
				ONLY_ACTIVE_ARCH = NO;
				SDKROOT = iphoneos;
				SWIFT_VERSION = 5.0;
				TARGETED_DEVICE_FAMILY = "1,2";
			};
			name = Debug;
		};
		CED0CDE62372392000CD4EBC /* Debug */ = {
			isa = XCBuildConfiguration;
			buildSettings = {
				ASSETCATALOG_COMPILER_APPICON_NAME = AppIcon;
				ASSETCATALOG_COMPILER_GLOBAL_ACCENT_COLOR_NAME = AccentColor;
				CLANG_ANALYZER_NONNULL = YES;
				CLANG_ANALYZER_NUMBER_OBJECT_CONVERSION = YES_AGGRESSIVE;
				CLANG_ENABLE_MODULES = YES;
				CLANG_ENABLE_OBJC_WEAK = YES;
				CLANG_WARN_DIRECT_OBJC_ISA_USAGE = YES_ERROR;
				CLANG_WARN_DOCUMENTATION_COMMENTS = YES;
				CLANG_WARN_OBJC_ROOT_CLASS = YES_ERROR;
				CLANG_WARN_UNGUARDED_AVAILABILITY = YES_AGGRESSIVE;
				CODE_SIGN_STYLE = Automatic;
				CURRENT_PROJECT_VERSION = 3.0.0;
				DEBUG_INFORMATION_FORMAT = dwarf;
				DEVELOPMENT_TEAM = "";
				FRAMEWORK_SEARCH_PATHS = "$(PROJECT_DIR)/Frameworks";
				GCC_DYNAMIC_NO_PIC = NO;
				GCC_PREPROCESSOR_DEFINITIONS = (
					"$(inherited)",
					"DEBUG=1",
					HAS_LIBCXX,
					"GLES_SILENCE_DEPRECATION=1",
					"ST_GLES_SILENCE_DEPRECATION=1",
					"COREVIDEO_SILENCE_GL_DEPRECATION=1",
				);
				GCC_WARN_ABOUT_RETURN_TYPE = YES_ERROR;
				GCC_WARN_UNINITIALIZED_AUTOS = YES_AGGRESSIVE;
				INFOPLIST_FILE = "$(TARGET_NAME)/Supporting Files/Info.plist";
				IPHONEOS_DEPLOYMENT_TARGET = 13.0;
				LD_RUNPATH_SEARCH_PATHS = (
					"$(inherited)",
					"@executable_path/Frameworks",
				);
				MARKETING_VERSION = 3.0.0;
				PRODUCT_NAME = SwiftScanner;
				SWIFT_ACTIVE_COMPILATION_CONDITIONS = DEBUG;
				SWIFT_OPTIMIZATION_LEVEL = "-Onone";
				SWIFT_VERSION = 5.0;
				TARGETED_DEVICE_FAMILY = "1,2";
			};
			name = Debug;
		};
		CED0CDE72372392000CD4EBC /* Release */ = {
			isa = XCBuildConfiguration;
			buildSettings = {
				ASSETCATALOG_COMPILER_APPICON_NAME = AppIcon;
				ASSETCATALOG_COMPILER_GLOBAL_ACCENT_COLOR_NAME = AccentColor;
				CLANG_ANALYZER_NONNULL = YES;
				CLANG_ANALYZER_NUMBER_OBJECT_CONVERSION = YES_AGGRESSIVE;
				CLANG_ENABLE_MODULES = YES;
				CLANG_ENABLE_OBJC_WEAK = YES;
				CLANG_WARN_DIRECT_OBJC_ISA_USAGE = YES_ERROR;
				CLANG_WARN_DOCUMENTATION_COMMENTS = YES;
				CLANG_WARN_OBJC_ROOT_CLASS = YES_ERROR;
				CLANG_WARN_UNGUARDED_AVAILABILITY = YES_AGGRESSIVE;
				CODE_SIGN_STYLE = Automatic;
				COPY_PHASE_STRIP = NO;
				CURRENT_PROJECT_VERSION = 3.0.0;
				DEBUG_INFORMATION_FORMAT = "dwarf-with-dsym";
				DEVELOPMENT_TEAM = "";
				FRAMEWORK_SEARCH_PATHS = "$(PROJECT_DIR)/Frameworks";
				GCC_PREPROCESSOR_DEFINITIONS = (
					HAS_LIBCXX,
					"GLES_SILENCE_DEPRECATION=1",
					"ST_GLES_SILENCE_DEPRECATION=1",
					"COREVIDEO_SILENCE_GL_DEPRECATION=1",
				);
				GCC_WARN_ABOUT_RETURN_TYPE = YES_ERROR;
				GCC_WARN_UNINITIALIZED_AUTOS = YES_AGGRESSIVE;
				INFOPLIST_FILE = "$(TARGET_NAME)/Supporting Files/Info.plist";
				IPHONEOS_DEPLOYMENT_TARGET = 13.0;
				LD_RUNPATH_SEARCH_PATHS = (
					"$(inherited)",
					"@executable_path/Frameworks",
				);
				MARKETING_VERSION = 3.0.0;
				PRODUCT_NAME = SwiftScanner;
				SWIFT_COMPILATION_MODE = wholemodule;
				SWIFT_OPTIMIZATION_LEVEL = "-O";
				SWIFT_VERSION = 5.0;
				TARGETED_DEVICE_FAMILY = "1,2";
			};
			name = Release;
		};
/* End XCBuildConfiguration section */

/* Begin XCConfigurationList section */
		2AFC8D6F176F966000F7F3B5 /* Build configuration list for PBXProject "Scanner" */ = {
			isa = XCConfigurationList;
			buildConfigurations = (
				7E6F73541A7826BD008BA18E /* Debug */,
				2AFC8DA1176F966000F7F3B5 /* Release */,
			);
			defaultConfigurationIsVisible = 0;
			defaultConfigurationName = Release;
		};
		CED0CDE52372392000CD4EBC /* Build configuration list for PBXNativeTarget "Scanner" */ = {
			isa = XCConfigurationList;
			buildConfigurations = (
				CED0CDE62372392000CD4EBC /* Debug */,
				CED0CDE72372392000CD4EBC /* Release */,
			);
			defaultConfigurationIsVisible = 0;
			defaultConfigurationName = Release;
		};
/* End XCConfigurationList section */

/* Begin XCRemoteSwiftPackageReference section */
		6A79511B2AD3D5F200EA6431 /* XCRemoteSwiftPackageReference "StructureKit" */ = {
			isa = XCRemoteSwiftPackageReference;
			repositoryURL = "https://github.com/structureio/StructureKit";
			requirement = {
				kind = exactVersion;
				version = 1.0.4;
			};
		};
/* End XCRemoteSwiftPackageReference section */

/* Begin XCSwiftPackageProductDependency section */
		6A79511C2AD3D5F200EA6431 /* StructureKit */ = {
			isa = XCSwiftPackageProductDependency;
			package = 6A79511B2AD3D5F200EA6431 /* XCRemoteSwiftPackageReference "StructureKit" */;
			productName = StructureKit;
		};
/* End XCSwiftPackageProductDependency section */
	};
	rootObject = 2AFC8D6C176F966000F7F3B5 /* Project object */;
}
